{
  "requires": true,
  "lockfileVersion": 1,
  "dependencies": {
    "aws-lambda-nodejs-helpers": {
      "version": "0.3.2",
      "resolved": "https://registry.npmjs.org/aws-lambda-nodejs-helpers/-/aws-lambda-nodejs-helpers-0.3.2.tgz",
      "integrity": "sha512-pp8912jBlYb2a/fZkSbdmn6sVEGb3Lc6Gg4iA0RGYZALvmo4dwBAU6bwm8mQiqAgRUwcxFdXLrRDHJcGvP5AhQ==",
      "requires": {
        "node-fetch": "^2.6.0"
      }
    },
    "node-fetch": {
      "version": "2.6.1",
      "resolved": "https://registry.npmjs.org/node-fetch/-/node-fetch-2.6.1.tgz",
      "integrity": "sha512-V4aYg89jEoVRxRb2fJdAg8FHvI7cEyYdVAh94HH0UIK8oJxUfkjlDQN9RbMx+bEjP7+ggMiFRprSti032Oipxw=="
    }
  }
}
